# This file is automatically @generated by Cargo.
# It is not intended for manual editing.
version = 3

[[package]]
name = "arrayvec"
version = "0.7.4"
source = "registry+https://github.com/rust-lang/crates.io-index"
checksum = "96d30a06541fbafbc7f82ed10c06164cfbd2c401138f6addd8404629c4b16711"

[[package]]
name = "autocfg"
version = "1.1.0"
source = "registry+https://github.com/rust-lang/crates.io-index"
checksum = "d468802bab17cbc0cc575e9b053f41e72aa36bfa6b7f55e3529ffa43161b97fa"

[[package]]
name = "grid"
version = "0.10.0"
source = "registry+https://github.com/rust-lang/crates.io-index"
checksum = "eec1c01eb1de97451ee0d60de7d81cf1e72aabefb021616027f3d1c3ec1c723c"

[[package]]
name = "laffy"
version = "0.1.0"
dependencies = [
 "slotmap",
 "taffy",
]

[[package]]
name = "num-traits"
version = "0.2.17"
source = "registry+https://github.com/rust-lang/crates.io-index"
checksum = "39e3200413f237f41ab11ad6d161bc7239c84dcb631773ccd7de3dfe4b5c267c"
dependencies = [
 "autocfg",
]

[[package]]
name = "slotmap"
version = "1.0.7"
source = "registry+https://github.com/rust-lang/crates.io-index"
checksum = "dbff4acf519f630b3a3ddcfaea6c06b42174d9a44bc70c620e9ed1649d58b82a"
dependencies = [
 "version_check",
]

[[package]]
name = "taffy"
version = "0.3.18"
source = "registry+https://github.com/rust-lang/crates.io-index"
checksum = "3c2287b6d7f721ada4cddf61ade5e760b2c6207df041cac9bfaa192897362fd3"
dependencies = [
 "arrayvec",
 "grid",
 "num-traits",
 "slotmap",
]

[[package]]
name = "version_check"
version = "0.9.4"
source = "registry+https://github.com/rust-lang/crates.io-index"
checksum = "49874b5167b65d7193b8aba1567f5c7d93d001cafc34600cee003eda787e483f"
